
Microsoft Visual Studio Solution File, Format Version 12.00
# Visual Studio 15
VisualStudioVersion = 15.0.28307.1022
MinimumVisualStudioVersion = 10.0.40219.1
Project("{8BC9CEB8-8B4A-11D0-8D11-00A0C91BC942}") = "mp3_stream", "mp3_stream.vcxproj", "{6E4B13F2-B782-48D6-85FE-880359B9B127}"
EndProject
Global
	GlobalSection(SolutionConfigurationPlatforms) = preSolution
		Debug|Win32 = Debug|Win32
		Release|Win32 = Release|Win32
	EndGlobalSection
	GlobalSection(ProjectConfigurationPlatforms) = postSolution
		{6E4B13F2-B782-48D6-85FE-880359B9B127}.Debug|Win32.ActiveCfg = Debug|Win32
		{6E4B13F2-B782-48D6-85FE-880359B9B127}.Debug|Win32.Build.0 = Debug|Win32
		{6E4B13F2-B782-48D6-85FE-880359B9B127}.Release|Win32.ActiveCfg = Release|Win32
		{6E4B13F2-B782-48D6-85FE-880359B9B127}.Release|Win32.Build.0 = Release|Win32
	EndGlobalSection
	GlobalSection(SolutionProperties) = preSolution
		HideSolutionNode = FALSE
	EndGlobalSection
	GlobalSection(ExtensibilityGlobals) = postSolution
		SolutionGuid = {AB67793F-E38B-494A-9595-3602FD2445E2}
	EndGlobalSection
EndGlobal
